
Microsoft Visual Studio Solution File, Format Version 12.00
# Visual Studio Version 16
VisualStudioVersion = 16.0.29509.3
MinimumVisualStudioVersion = 10.0.40219.1
Project("{FAE04EC0-301F-11D3-BF4B-00C04F79EFBC}") = "MovieLab", "MovieLab\MovieLab.csproj", "{0F38E2D3-CF54-4E8F-BFC9-1AB4DEAC0F54}"
EndProject
Global
	GlobalSection(SolutionConfigurationPlatforms) = preSolution
		Debug|Any CPU = Debug|Any CPU
		Release|Any CPU = Release|Any CPU
	EndGlobalSection
	GlobalSection(ProjectConfigurationPlatforms) = postSolution
		{0F38E2D3-CF54-4E8F-BFC9-1AB4DEAC0F54}.Debug|Any CPU.ActiveCfg = Debug|Any CPU
		{0F38E2D3-CF54-4E8F-BFC9-1AB4DEAC0F54}.Debug|Any CPU.Build.0 = Debug|Any CPU
		{0F38E2D3-CF54-4E8F-BFC9-1AB4DEAC0F54}.Release|Any CPU.ActiveCfg = Release|Any CPU
		{0F38E2D3-CF54-4E8F-BFC9-1AB4DEAC0F54}.Release|Any CPU.Build.0 = Release|Any CPU
	EndGlobalSection
	GlobalSection(SolutionProperties) = preSolution
		HideSolutionNode = FALSE
	EndGlobalSection
	GlobalSection(ExtensibilityGlobals) = postSolution
		SolutionGuid = {5D9F8CCF-B4A1-44FD-9E70-8BE96104E78F}
	EndGlobalSection
EndGlobal
